
Microsoft Visual Studio Solution File, Format Version 12.00
# Visual Studio Version 17
VisualStudioVersion = 17.10.35004.147
MinimumVisualStudioVersion = 10.0.40219.1
Project("{FAE04EC0-301F-11D3-BF4B-00C04F79EFBC}") = "OnlineAdmissionSystem2", "OnlineAdmissionSystem2\OnlineAdmissionSystem2.csproj", "{BC2BAC83-CC9C-47E6-B3AA-9FE003340D55}"
EndProject
Global
	GlobalSection(SolutionConfigurationPlatforms) = preSolution
		Debug|Any CPU = Debug|Any CPU
		Release|Any CPU = Release|Any CPU
	EndGlobalSection
	GlobalSection(ProjectConfigurationPlatforms) = postSolution
		{BC2BAC83-CC9C-47E6-B3AA-9FE003340D55}.Debug|Any CPU.ActiveCfg = Debug|Any CPU
		{BC2BAC83-CC9C-47E6-B3AA-9FE003340D55}.Debug|Any CPU.Build.0 = Debug|Any CPU
		{BC2BAC83-CC9C-47E6-B3AA-9FE003340D55}.Release|Any CPU.ActiveCfg = Release|Any CPU
		{BC2BAC83-CC9C-47E6-B3AA-9FE003340D55}.Release|Any CPU.Build.0 = Release|Any CPU
	EndGlobalSection
	GlobalSection(SolutionProperties) = preSolution
		HideSolutionNode = FALSE
	EndGlobalSection
	GlobalSection(ExtensibilityGlobals) = postSolution
		SolutionGuid = {F21B2575-CA37-4815-8C7B-D5E51FB1A1A2}
	EndGlobalSection
EndGlobal
